PATH
  remote: .
  specs:
    knox_train (0.1.0)
      chronic_duration (~> 0.10)
      os (~> 1.1)
      terminal-notifier (~> 2.0)
      tty-command (~> 0.10)
      tty-logger (~> 0.6)
      tty-progressbar (~> 0.18)
      tty-which (~> 0.5)

GEM
  remote: https://rubygems.org/
  specs:
    chronic_duration (0.10.6)
      numerizer (~> 0.1.1)
    minitest (5.27.0)
    numerizer (0.1.1)
    os (1.1.4)
    pastel (0.8.0)
      tty-color (~> 0.5)
    rake (13.3.1)
    strings-ansi (0.2.0)
    terminal-notifier (2.0.0)
    tty-color (0.6.0)
    tty-command (0.10.1)
      pastel (~> 0.8)
    tty-cursor (0.7.1)
    tty-logger (0.6.0)
      pastel (~> 0.8)
    tty-progressbar (0.18.3)
      strings-ansi (~> 0.2)
      tty-cursor (~> 0.7)
      tty-screen (~> 0.8)
      unicode-display_width (>= 1.6, < 3.0)
    tty-screen (0.8.2)
    tty-which (0.5.0)
    unicode-display_width (2.6.0)

PLATFORMS
  arm64-darwin-24
  ruby

DEPENDENCIES
  knox_train!
  minitest (~> 5.0)
  rake (~> 13.0)

CHECKSUMS
  chronic_duration (0.10.6) sha256=fac58d4147d3183a40811400380cafcef049f2bb02421d2fd1c6e685fbe8facc
  knox_train (0.1.0)
  minitest (5.27.0) sha256=2d3b17f8a36fe7801c1adcffdbc38233b938eb0b4966e97a6739055a45fa77d5
  numerizer (0.1.1) sha256=10ec9efec62472b69a3a0e275a18a44baa595ce6e2e4cfc1678d5cb2974c336f
  os (1.1.4) sha256=57816d6a334e7bd6aed048f4b0308226c5fb027433b67d90a9ab435f35108d3f
  pastel (0.8.0) sha256=481da9fb7d2f6e6b1a08faf11fa10363172dc40fd47848f096ae21209f805a75
  rake (13.3.1) sha256=8c9e89d09f66a26a01264e7e3480ec0607f0c497a861ef16063604b1b08eb19c
  strings-ansi (0.2.0) sha256=90262d760ea4a94cc2ae8d58205277a343409c288cbe7c29416b1826bd511c88
  terminal-notifier (2.0.0) sha256=7a0d2b2212ab9835c07f4b2e22a94cff64149dba1eed203c04835f7991078cea
  tty-color (0.6.0) sha256=6f9c37ca3a4e2367fb2e6d09722762647d6f455c111f05b59f35730eeb24332a
  tty-command (0.10.1) sha256=0c6c471fcb932d55518734eb4e2e07e9efdd2918713cc39bb7393ba862471192
  tty-cursor (0.7.1) sha256=79534185e6a777888d88628b14b6a1fdf5154a603f285f80b1753e1908e0bf48
  tty-logger (0.6.0) sha256=9352d0e3ebc4f9d59b63135806e38c0d6012adc04c907dde96db33daa64e50eb
  tty-progressbar (0.18.3) sha256=6cbb4260e55e74a9180d502143eb6a467d2c8e51bf5f3c9509fb5cacc3d4a5f6
  tty-screen (0.8.2) sha256=c090652115beae764336c28802d633f204fb84da93c6a968aa5d8e319e819b50
  tty-which (0.5.0) sha256=5824055f0d6744c97e7c4426544f01d519c40d1806ef2ef47d9854477993f466
  unicode-display_width (2.6.0) sha256=12279874bba6d5e4d2728cef814b19197dbb10d7a7837a869bab65da943b7f5a

BUNDLED WITH
  4.0.3
