PATH
  remote: .
  specs:
    knox_train (2.0.1)
      chronic_duration (~> 0.10)
      dry-schema (~> 1.13)
      os (~> 1.1)
      terminal-notifier (~> 2.0)
      thor (~> 1.3)
      tty-command (~> 0.10)
      tty-logger (~> 0.6)
      tty-progressbar (~> 0.18)
      tty-table (~> 0.12)
      tty-which (~> 0.5)

GEM
  remote: https://rubygems.org/
  specs:
    addressable (2.8.9)
      public_suffix (>= 2.0.2, < 8.0)
    ast (2.4.3)
    bigdecimal (4.0.1)
    chronic_duration (0.10.6)
      numerizer (~> 0.1.1)
    concurrent-ruby (1.3.6)
    dry-configurable (1.3.0)
      dry-core (~> 1.1)
      zeitwerk (~> 2.6)
    dry-core (1.2.0)
      concurrent-ruby (~> 1.0)
      logger
      zeitwerk (~> 2.6)
    dry-inflector (1.3.1)
    dry-initializer (3.2.0)
    dry-logic (1.6.0)
      bigdecimal
      concurrent-ruby (~> 1.0)
      dry-core (~> 1.1)
      zeitwerk (~> 2.6)
    dry-schema (1.16.0)
      concurrent-ruby (~> 1.0)
      dry-configurable (~> 1.0, >= 1.0.1)
      dry-core (~> 1.1)
      dry-initializer (~> 3.2)
      dry-logic (~> 1.6)
      dry-types (~> 1.9, >= 1.9.1)
      zeitwerk (~> 2.6)
    dry-types (1.9.1)
      bigdecimal (>= 3.0)
      concurrent-ruby (~> 1.0)
      dry-core (~> 1.0)
      dry-inflector (~> 1.0)
      dry-logic (~> 1.4)
      zeitwerk (~> 2.6)
    json (2.19.9)
    json-schema (6.2.0)
      addressable (~> 2.8)
      bigdecimal (>= 3.1, < 5)
    language_server-protocol (3.17.0.5)
    lint_roller (1.1.0)
    logger (1.7.0)
    mcp (0.8.0)
      json-schema (>= 4.1)
    minitest (5.27.0)
    numerizer (0.1.1)
    os (1.1.4)
    parallel (1.27.0)
    parser (3.3.10.2)
      ast (~> 2.4.1)
      racc
    pastel (0.8.0)
      tty-color (~> 0.5)
    prism (1.9.0)
    public_suffix (7.0.5)
    racc (1.8.1)
    rainbow (3.1.1)
    rake (13.3.1)
    regexp_parser (2.11.3)
    rubocop (1.85.1)
      json (~> 2.3)
      language_server-protocol (~> 3.17.0.2)
      lint_roller (~> 1.1.0)
      mcp (~> 0.6)
      parallel (~> 1.10)
      parser (>= 3.3.0.2)
      rainbow (>= 2.2.2, < 4.0)
      regexp_parser (>= 2.9.3, < 3.0)
      rubocop-ast (>= 1.49.0, < 2.0)
      ruby-progressbar (~> 1.7)
      unicode-display_width (>= 2.4.0, < 4.0)
    rubocop-ast (1.49.1)
      parser (>= 3.3.7.2)
      prism (~> 1.7)
    rubocop-minitest (0.39.1)
      lint_roller (~> 1.1)
      rubocop (>= 1.75.0, < 2.0)
      rubocop-ast (>= 1.38.0, < 2.0)
    ruby-progressbar (1.13.0)
    strings (0.2.1)
      strings-ansi (~> 0.2)
      unicode-display_width (>= 1.5, < 3.0)
      unicode_utils (~> 1.4)
    strings-ansi (0.2.0)
    terminal-notifier (2.0.0)
    thor (1.5.0)
    tty-color (0.6.0)
    tty-command (0.10.1)
      pastel (~> 0.8)
    tty-cursor (0.7.1)
    tty-logger (0.6.0)
      pastel (~> 0.8)
    tty-progressbar (0.18.3)
      strings-ansi (~> 0.2)
      tty-cursor (~> 0.7)
      tty-screen (~> 0.8)
      unicode-display_width (>= 1.6, < 3.0)
    tty-screen (0.8.2)
    tty-table (0.12.0)
      pastel (~> 0.8)
      strings (~> 0.2.0)
      tty-screen (~> 0.8)
    tty-which (0.5.0)
    unicode-display_width (2.6.0)
    unicode_utils (1.4.0)
    zeitwerk (2.7.5)

PLATFORMS
  arm64-darwin-24
  ruby

DEPENDENCIES
  knox_train!
  minitest (~> 5.0)
  rake (~> 13.0)
  rubocop
  rubocop-minitest

CHECKSUMS
  addressable (2.8.9) sha256=cc154fcbe689711808a43601dee7b980238ce54368d23e127421753e46895485
  ast (2.4.3) sha256=954615157c1d6a382bc27d690d973195e79db7f55e9765ac7c481c60bdb4d383
  bigdecimal (4.0.1) sha256=8b07d3d065a9f921c80ceaea7c9d4ae596697295b584c296fe599dd0ad01c4a7
  chronic_duration (0.10.6) sha256=fac58d4147d3183a40811400380cafcef049f2bb02421d2fd1c6e685fbe8facc
  concurrent-ruby (1.3.6) sha256=6b56837e1e7e5292f9864f34b69c5a2cbc75c0cf5338f1ce9903d10fa762d5ab
  dry-configurable (1.3.0) sha256=882d862858567fc1210d2549d4c090f34370fc1bb7c5c1933de3fe792e18afa8
  dry-core (1.2.0) sha256=0cc5a7da88df397f153947eeeae42e876e999c1e30900f3c536fb173854e96a1
  dry-inflector (1.3.1) sha256=7fb0c2bb04f67638f25c52e7ba39ab435d922a3a5c3cd196120f63accb682dcc
  dry-initializer (3.2.0) sha256=37d59798f912dc0a1efe14a4db4a9306989007b302dcd5f25d0a2a20c166c4e3
  dry-logic (1.6.0) sha256=da6fedbc0f90fc41f9b0cc7e6f05f5d529d1efaef6c8dcc8e0733f685745cea2
  dry-schema (1.16.0) sha256=cd3aaeabc0f1af66ec82a29096d4c4fb92a0a58b9dae29a22b1bbceb78985727
  dry-types (1.9.1) sha256=baebeecdb9f8395d6c9d227b62011279440943e3ef2468fe8ccc1ba11467f178
  json (2.19.9) sha256=9b9025b7cdddafa38d316eca0b2358488e42d417045c1b90d216a9fefe46b79a
  json-schema (6.2.0) sha256=e8bff46ed845a22c1ab2bd0d7eccf831c01fe23bb3920caa4c74db4306813666
  knox_train (2.0.1)
  language_server-protocol (3.17.0.5) sha256=fd1e39a51a28bf3eec959379985a72e296e9f9acfce46f6a79d31ca8760803cc
  lint_roller (1.1.0) sha256=2c0c845b632a7d172cb849cc90c1bce937a28c5c8ccccb50dfd46a485003cc87
  logger (1.7.0) sha256=196edec7cc44b66cfb40f9755ce11b392f21f7967696af15d274dde7edff0203
  mcp (0.8.0) sha256=ae8bd146bb8e168852866fd26f805f52744f6326afb3211e073f78a95e0c34fb
  minitest (5.27.0) sha256=2d3b17f8a36fe7801c1adcffdbc38233b938eb0b4966e97a6739055a45fa77d5
  numerizer (0.1.1) sha256=10ec9efec62472b69a3a0e275a18a44baa595ce6e2e4cfc1678d5cb2974c336f
  os (1.1.4) sha256=57816d6a334e7bd6aed048f4b0308226c5fb027433b67d90a9ab435f35108d3f
  parallel (1.27.0) sha256=4ac151e1806b755fb4e2dc2332cbf0e54f2e24ba821ff2d3dcf86bf6dc4ae130
  parser (3.3.10.2) sha256=6f60c84aa4bdcedb6d1a2434b738fe8a8136807b6adc8f7f53b97da9bc4e9357
  pastel (0.8.0) sha256=481da9fb7d2f6e6b1a08faf11fa10363172dc40fd47848f096ae21209f805a75
  prism (1.9.0) sha256=7b530c6a9f92c24300014919c9dcbc055bf4cdf51ec30aed099b06cd6674ef85
  public_suffix (7.0.5) sha256=1a8bb08f1bbea19228d3bed6e5ed908d1cb4f7c2726d18bd9cadf60bc676f623
  racc (1.8.1) sha256=4a7f6929691dbec8b5209a0b373bc2614882b55fc5d2e447a21aaa691303d62f
  rainbow (3.1.1) sha256=039491aa3a89f42efa1d6dec2fc4e62ede96eb6acd95e52f1ad581182b79bc6a
  rake (13.3.1) sha256=8c9e89d09f66a26a01264e7e3480ec0607f0c497a861ef16063604b1b08eb19c
  regexp_parser (2.11.3) sha256=ca13f381a173b7a93450e53459075c9b76a10433caadcb2f1180f2c741fc55a4
  rubocop (1.85.1) sha256=3dbcf9e961baa4c376eeeb2a03913dca5e3987033b04d38fa538aa1e7406cc77
  rubocop-ast (1.49.1) sha256=4412f3ee70f6fe4546cc489548e0f6fcf76cafcfa80fa03af67098ffed755035
  rubocop-minitest (0.39.1) sha256=998398d6da4026d297f0f9bf709a1eac5f2b6947c24431f94af08138510cf7ed
  ruby-progressbar (1.13.0) sha256=80fc9c47a9b640d6834e0dc7b3c94c9df37f08cb072b7761e4a71e22cff29b33
  strings (0.2.1) sha256=933293b3c95cf85b81eb44b3cf673e3087661ba739bbadfeadf442083158d6fb
  strings-ansi (0.2.0) sha256=90262d760ea4a94cc2ae8d58205277a343409c288cbe7c29416b1826bd511c88
  terminal-notifier (2.0.0) sha256=7a0d2b2212ab9835c07f4b2e22a94cff64149dba1eed203c04835f7991078cea
  thor (1.5.0) sha256=e3a9e55fe857e44859ce104a84675ab6e8cd59c650a49106a05f55f136425e73
  tty-color (0.6.0) sha256=6f9c37ca3a4e2367fb2e6d09722762647d6f455c111f05b59f35730eeb24332a
  tty-command (0.10.1) sha256=0c6c471fcb932d55518734eb4e2e07e9efdd2918713cc39bb7393ba862471192
  tty-cursor (0.7.1) sha256=79534185e6a777888d88628b14b6a1fdf5154a603f285f80b1753e1908e0bf48
  tty-logger (0.6.0) sha256=9352d0e3ebc4f9d59b63135806e38c0d6012adc04c907dde96db33daa64e50eb
  tty-progressbar (0.18.3) sha256=6cbb4260e55e74a9180d502143eb6a467d2c8e51bf5f3c9509fb5cacc3d4a5f6
  tty-screen (0.8.2) sha256=c090652115beae764336c28802d633f204fb84da93c6a968aa5d8e319e819b50
  tty-table (0.12.0) sha256=fdc27a4750835c1a16efe19a0b857e3ced3652cc7aceafe6dca94908965b9939
  tty-which (0.5.0) sha256=5824055f0d6744c97e7c4426544f01d519c40d1806ef2ef47d9854477993f466
  unicode-display_width (2.6.0) sha256=12279874bba6d5e4d2728cef814b19197dbb10d7a7837a869bab65da943b7f5a
  unicode_utils (1.4.0) sha256=b922d0cf2313b6b7136ada6645ce7154ffc86418ca07d53b058efe9eb72f2a40
  zeitwerk (2.7.5) sha256=d8da92128c09ea6ec62c949011b00ed4a20242b255293dd66bf41545398f73dd

BUNDLED WITH
  4.0.3
